
Microsoft Visual Studio Solution File, Format Version 12.00
# Visual Studio Version 17
VisualStudioVersion = 17.11.35118.90
MinimumVisualStudioVersion = 10.0.40219.1
Project("{FAE04EC0-301F-11D3-BF4B-00C04F79EFBC}") = "Mass Persona", "Mass Persona\Mass Persona.csproj", "{292C0533-0EB8-424A-9D24-C39A7D1A221C}"
EndProject
Global
	GlobalSection(SolutionConfigurationPlatforms) = preSolution
		Debug|Any CPU = Debug|Any CPU
		Release|Any CPU = Release|Any CPU
	EndGlobalSection
	GlobalSection(ProjectConfigurationPlatforms) = postSolution
		{292C0533-0EB8-424A-9D24-C39A7D1A221C}.Debug|Any CPU.ActiveCfg = Debug|Any CPU
		{292C0533-0EB8-424A-9D24-C39A7D1A221C}.Debug|Any CPU.Build.0 = Debug|Any CPU
		{292C0533-0EB8-424A-9D24-C39A7D1A221C}.Release|Any CPU.ActiveCfg = Release|Any CPU
		{292C0533-0EB8-424A-9D24-C39A7D1A221C}.Release|Any CPU.Build.0 = Release|Any CPU
	EndGlobalSection
	GlobalSection(SolutionProperties) = preSolution
		HideSolutionNode = FALSE
	EndGlobalSection
	GlobalSection(ExtensibilityGlobals) = postSolution
		SolutionGuid = {92C46276-9743-4A9D-BC32-4E3D6C728FAA}
	EndGlobalSection
EndGlobal
